// !$*UTF8*$!
{
	archiveVersion = 1;
	classes = {
	};
	objectVersion = 46;
	objects = {

/* Begin PBXBuildFile section */
		400ADE681EBA0902006EA363 /* Popovers.storyboard in Resources */ = {isa = PBXBuildFile; fileRef = 400ADE671EBA0902006EA363 /* Popovers.storyboard */; };
		400ADE6A1EBA0947006EA363 /* DatePickerPopoverViewController.swift in Sources */ = {isa = PBXBuildFile; fileRef = 400ADE691EBA0947006EA363 /* DatePickerPopoverViewController.swift */; };
		400ADE6C1EBA272E006EA363 /* UIText.swift in Sources */ = {isa = PBXBuildFile; fileRef = 400ADE6B1EBA272D006EA363 /* UIText.swift */; };
		402C52771EB8B00500EFC9ED /* WomanMeetingInfoViewController.swift in Sources */ = {isa = PBXBuildFile; fileRef = 402C52761EB8B00500EFC9ED /* WomanMeetingInfoViewController.swift */; };
		402C527B1EB8BFC700EFC9ED /* CityManager.swift in Sources */ = {isa = PBXBuildFile; fileRef = 402C527A1EB8BFC700EFC9ED /* CityManager.swift */; };
		40A781531EB329FB003D73CC /* AppDelegate.swift in Sources */ = {isa = PBXBuildFile; fileRef = 40A781521EB329FB003D73CC /* AppDelegate.swift */; };
		40A7815A1EB329FB003D73CC /* Assets.xcassets in Resources */ = {isa = PBXBuildFile; fileRef = 40A781591EB329FB003D73CC /* Assets.xcassets */; };
		40A7815D1EB329FB003D73CC /* LaunchScreen.storyboard in Resources */ = {isa = PBXBuildFile; fileRef = 40A7815B1EB329FB003D73CC /* LaunchScreen.storyboard */; };
		40A781691EB32B5B003D73CC /* Auth.storyboard in Resources */ = {isa = PBXBuildFile; fileRef = 40A781681EB32B5B003D73CC /* Auth.storyboard */; };
		40A7816B1EB32D2A003D73CC /* AuthViewController.swift in Sources */ = {isa = PBXBuildFile; fileRef = 40A7816A1EB32D2A003D73CC /* AuthViewController.swift */; };
		40A7816E1EB337E5003D73CC /* String.swift in Sources */ = {isa = PBXBuildFile; fileRef = 40A7816D1EB337E5003D73CC /* String.swift */; };
		40A781701EB33C7C003D73CC /* UIViewController.swift in Sources */ = {isa = PBXBuildFile; fileRef = 40A7816F1EB33C7C003D73CC /* UIViewController.swift */; };
		40A781731EB33DEB003D73CC /* Localizable.strings in Resources */ = {isa = PBXBuildFile; fileRef = 40A781721EB33DEB003D73CC /* Localizable.strings */; };
		40A781751EB35644003D73CC /* UIImage.swift in Sources */ = {isa = PBXBuildFile; fileRef = 40A781741EB35644003D73CC /* UIImage.swift */; };
		40A781831EB367A3003D73CC /* Man.storyboard in Resources */ = {isa = PBXBuildFile; fileRef = 40A781821EB367A3003D73CC /* Man.storyboard */; };
		40A781871EB367AD003D73CC /* Woman.storyboard in Resources */ = {isa = PBXBuildFile; fileRef = 40A781841EB367AD003D73CC /* Woman.storyboard */; };
		40A781881EB367AD003D73CC /* WomanProfile.storyboard in Resources */ = {isa = PBXBuildFile; fileRef = 40A781851EB367AD003D73CC /* WomanProfile.storyboard */; };
		40A781891EB367AD003D73CC /* WomanSearch.storyboard in Resources */ = {isa = PBXBuildFile; fileRef = 40A781861EB367AD003D73CC /* WomanSearch.storyboard */; };
		40A7818B1EB367CB003D73CC /* WomanMeetings.storyboard in Resources */ = {isa = PBXBuildFile; fileRef = 40A7818A1EB367CB003D73CC /* WomanMeetings.storyboard */; };
		40A7818D1EB367EB003D73CC /* WomanWallet.storyboard in Resources */ = {isa = PBXBuildFile; fileRef = 40A7818C1EB367EB003D73CC /* WomanWallet.storyboard */; };
		40A7818F1EB368A0003D73CC /* ManProfile.storyboard in Resources */ = {isa = PBXBuildFile; fileRef = 40A7818E1EB368A0003D73CC /* ManProfile.storyboard */; };
		40A781911EB368BE003D73CC /* ManMeetings.storyboard in Resources */ = {isa = PBXBuildFile; fileRef = 40A781901EB368BE003D73CC /* ManMeetings.storyboard */; };
		40A781931EB368D7003D73CC /* ManWallet.storyboard in Resources */ = {isa = PBXBuildFile; fileRef = 40A781921EB368D7003D73CC /* ManWallet.storyboard */; };
		40A781951EB36A0A003D73CC /* UIStoryboard.swift in Sources */ = {isa = PBXBuildFile; fileRef = 40A781941EB36A0A003D73CC /* UIStoryboard.swift */; };
		40A781971EB36F5C003D73CC /* User.swift in Sources */ = {isa = PBXBuildFile; fileRef = 40A781961EB36F5C003D73CC /* User.swift */; };
		40A7819B1EB37542003D73CC /* WomanProfileViewController.swift in Sources */ = {isa = PBXBuildFile; fileRef = 40A7819A1EB37542003D73CC /* WomanProfileViewController.swift */; };
		40A7819D1EB377BC003D73CC /* UIScrollView.swift in Sources */ = {isa = PBXBuildFile; fileRef = 40A7819C1EB377BC003D73CC /* UIScrollView.swift */; };
		40A781A81EB395B9003D73CC /* WomanFiltersViewController.swift in Sources */ = {isa = PBXBuildFile; fileRef = 40A781A71EB395B9003D73CC /* WomanFiltersViewController.swift */; };
		40ADF3EE1EB48FF100B69722 /* WomanHeaderView.xib in Resources */ = {isa = PBXBuildFile; fileRef = 40ADF3ED1EB48FF100B69722 /* WomanHeaderView.xib */; };
		40ADF3F01EB4913B00B69722 /* WomanHeaderView.swift in Sources */ = {isa = PBXBuildFile; fileRef = 40ADF3EF1EB4913B00B69722 /* WomanHeaderView.swift */; };
		40ADF3F31EB4940400B69722 /* WomanMeetingsViewController.swift in Sources */ = {isa = PBXBuildFile; fileRef = 40ADF3F21EB4940400B69722 /* WomanMeetingsViewController.swift */; };
		40ADF3F51EB4AF3000B69722 /* Meeting.swift in Sources */ = {isa = PBXBuildFile; fileRef = 40ADF3F41EB4AF3000B69722 /* Meeting.swift */; };
		40ADF3F81EB4B46C00B69722 /* WomanMeetingTableViewCell.swift in Sources */ = {isa = PBXBuildFile; fileRef = 40ADF3F71EB4B46C00B69722 /* WomanMeetingTableViewCell.swift */; };
		40ADF3FA1EB4B7BC00B69722 /* Date.swift in Sources */ = {isa = PBXBuildFile; fileRef = 40ADF3F91EB4B7BC00B69722 /* Date.swift */; };
		40B818511EB4DF25005B8073 /* ManProfileViewController.swift in Sources */ = {isa = PBXBuildFile; fileRef = 40B818501EB4DF25005B8073 /* ManProfileViewController.swift */; };
		40B818531EB4E8F4005B8073 /* Keyboard.swift in Sources */ = {isa = PBXBuildFile; fileRef = 40B818521EB4E8F4005B8073 /* Keyboard.swift */; };
		40B9AEE01EB8DF8000DEBA54 /* Man.swift in Sources */ = {isa = PBXBuildFile; fileRef = 40B9AEDF1EB8DF8000DEBA54 /* Man.swift */; };
		40B9AEE21EB8DFC500DEBA54 /* Photo.swift in Sources */ = {isa = PBXBuildFile; fileRef = 40B9AEE11EB8DFC500DEBA54 /* Photo.swift */; };
		40B9AEE41EB8E08800DEBA54 /* Woman.swift in Sources */ = {isa = PBXBuildFile; fileRef = 40B9AEE31EB8E08800DEBA54 /* Woman.swift */; };
		40E3DA3C1EBB2852009CB6A1 /* ManNewMeeting.storyboard in Resources */ = {isa = PBXBuildFile; fileRef = 40E3DA3B1EBB2852009CB6A1 /* ManNewMeeting.storyboard */; };
		40E3DA3E1EBB294F009CB6A1 /* ManMeetingsTableViewCell.swift in Sources */ = {isa = PBXBuildFile; fileRef = 40E3DA3D1EBB294F009CB6A1 /* ManMeetingsTableViewCell.swift */; };
		40E3DA401EBB2CCE009CB6A1 /* ManMeetingsViewController.swift in Sources */ = {isa = PBXBuildFile; fileRef = 40E3DA3F1EBB2CCE009CB6A1 /* ManMeetingsViewController.swift */; };
		40E3DA421EBB3A25009CB6A1 /* Schedulable.swift in Sources */ = {isa = PBXBuildFile; fileRef = 40E3DA411EBB3A25009CB6A1 /* Schedulable.swift */; };
		40E3DA441EBB3DEA009CB6A1 /* MeetingsStorage.swift in Sources */ = {isa = PBXBuildFile; fileRef = 40E3DA431EBB3DEA009CB6A1 /* MeetingsStorage.swift */; };
		40E3DA471EBB4E76009CB6A1 /* ManPreviewMeetingViewController.swift in Sources */ = {isa = PBXBuildFile; fileRef = 40E3DA461EBB4E76009CB6A1 /* ManPreviewMeetingViewController.swift */; };
		40E3DA491EBB4F3C009CB6A1 /* Range.swift in Sources */ = {isa = PBXBuildFile; fileRef = 40E3DA481EBB4F3C009CB6A1 /* Range.swift */; };
		40F21E4D1EB9B20B002316B9 /* ManNewMeetingTableViewController.swift in Sources */ = {isa = PBXBuildFile; fileRef = 40F21E4C1EB9B20B002316B9 /* ManNewMeetingTableViewController.swift */; };
		40F21E4F1EB9C444002316B9 /* UIButton.swift in Sources */ = {isa = PBXBuildFile; fileRef = 40F21E4E1EB9C444002316B9 /* UIButton.swift */; };
		40F21E531EB9FD83002316B9 /* PlacePicker.swift in Sources */ = {isa = PBXBuildFile; fileRef = 40F21E521EB9FD83002316B9 /* PlacePicker.swift */; };
		A08B283261A9784F6AAAEE76 /* Pods_PimpMe.framework in Frameworks */ = {isa = PBXBuildFile; fileRef = 69C6A563A202B8BA2C1E221D /* Pods_PimpMe.framework */; };
/* End PBXBuildFile section */

/* Begin PBXFileReference section */
		236C6FBA3343683DF88AEBF7 /* Pods-PimpMe.debug.xcconfig */ = {isa = PBXFileReference; includeInIndex = 1; lastKnownFileType = text.xcconfig; name = "Pods-PimpMe.debug.xcconfig"; path = "Pods/Target Support Files/Pods-PimpMe/Pods-PimpMe.debug.xcconfig"; sourceTree = "<group>"; };
		400ADE671EBA0902006EA363 /* Popovers.storyboard */ = {isa = PBXFileReference; fileEncoding = 4; lastKnownFileType = file.storyboard; name = Popovers.storyboard; path = UI/Popovers.storyboard; sourceTree = "<group>"; };
		400ADE691EBA0947006EA363 /* DatePickerPopoverViewController.swift */ = {isa = PBXFileReference; fileEncoding = 4; lastKnownFileType = sourcecode.swift; name = DatePickerPopoverViewController.swift; path = ViewControllers/DatePickerPopoverViewController.swift; sourceTree = "<group>"; };
		400ADE6B1EBA272D006EA363 /* UIText.swift */ = {isa = PBXFileReference; fileEncoding = 4; lastKnownFileType = sourcecode.swift; name = UIText.swift; path = Utils/UIText.swift; sourceTree = "<group>"; };
		402C52761EB8B00500EFC9ED /* WomanMeetingInfoViewController.swift */ = {isa = PBXFileReference; fileEncoding = 4; lastKnownFileType = sourcecode.swift; name = WomanMeetingInfoViewController.swift; path = ViewControllers/Woman/WomanMeetingInfoViewController.swift; sourceTree = "<group>"; };
		402C527A1EB8BFC700EFC9ED /* CityManager.swift */ = {isa = PBXFileReference; fileEncoding = 4; lastKnownFileType = sourcecode.swift; name = CityManager.swift; path = DataModels/CityManager.swift; sourceTree = "<group>"; };
		40A7814F1EB329FA003D73CC /* PimpMe.app */ = {isa = PBXFileReference; explicitFileType = wrapper.application; includeInIndex = 0; path = PimpMe.app; sourceTree = BUILT_PRODUCTS_DIR; };
		40A781521EB329FB003D73CC /* AppDelegate.swift */ = {isa = PBXFileReference; lastKnownFileType = sourcecode.swift; path = AppDelegate.swift; sourceTree = "<group>"; };
		40A781591EB329FB003D73CC /* Assets.xcassets */ = {isa = PBXFileReference; lastKnownFileType = folder.assetcatalog; path = Assets.xcassets; sourceTree = "<group>"; };
		40A7815C1EB329FB003D73CC /* Base */ = {isa = PBXFileReference; lastKnownFileType = file.storyboard; name = Base; path = Base.lproj/LaunchScreen.storyboard; sourceTree = "<group>"; };
		40A7815E1EB329FB003D73CC /* Info.plist */ = {isa = PBXFileReference; lastKnownFileType = text.plist.xml; path = Info.plist; sourceTree = "<group>"; };
		40A781681EB32B5B003D73CC /* Auth.storyboard */ = {isa = PBXFileReference; fileEncoding = 4; lastKnownFileType = file.storyboard; name = Auth.storyboard; path = UI/Auth.storyboard; sourceTree = "<group>"; };
		40A7816A1EB32D2A003D73CC /* AuthViewController.swift */ = {isa = PBXFileReference; fileEncoding = 4; lastKnownFileType = sourcecode.swift; name = AuthViewController.swift; path = ViewControllers/AuthViewController.swift; sourceTree = "<group>"; };
		40A7816D1EB337E5003D73CC /* String.swift */ = {isa = PBXFileReference; fileEncoding = 4; lastKnownFileType = sourcecode.swift; name = String.swift; path = Utils/String.swift; sourceTree = "<group>"; };
		40A7816F1EB33C7C003D73CC /* UIViewController.swift */ = {isa = PBXFileReference; fileEncoding = 4; lastKnownFileType = sourcecode.swift; name = UIViewController.swift; path = Utils/UIViewController.swift; sourceTree = "<group>"; };
		40A781721EB33DEB003D73CC /* Localizable.strings */ = {isa = PBXFileReference; fileEncoding = 4; lastKnownFileType = text.plist.strings; name = Localizable.strings; path = Strings/Localizable.strings; sourceTree = "<group>"; };
		40A781741EB35644003D73CC /* UIImage.swift */ = {isa = PBXFileReference; fileEncoding = 4; lastKnownFileType = sourcecode.swift; name = UIImage.swift; path = Utils/UIImage.swift; sourceTree = "<group>"; };
		40A781821EB367A3003D73CC /* Man.storyboard */ = {isa = PBXFileReference; fileEncoding = 4; lastKnownFileType = file.storyboard; name = Man.storyboard; path = UI/Man/Man.storyboard; sourceTree = "<group>"; };
		40A781841EB367AD003D73CC /* Woman.storyboard */ = {isa = PBXFileReference; fileEncoding = 4; lastKnownFileType = file.storyboard; name = Woman.storyboard; path = UI/Woman/Woman.storyboard; sourceTree = "<group>"; };
		40A781851EB367AD003D73CC /* WomanProfile.storyboard */ = {isa = PBXFileReference; fileEncoding = 4; lastKnownFileType = file.storyboard; name = WomanProfile.storyboard; path = UI/Woman/WomanProfile.storyboard; sourceTree = "<group>"; };
		40A781861EB367AD003D73CC /* WomanSearch.storyboard */ = {isa = PBXFileReference; fileEncoding = 4; lastKnownFileType = file.storyboard; name = WomanSearch.storyboard; path = UI/Woman/WomanSearch.storyboard; sourceTree = "<group>"; };
		40A7818A1EB367CB003D73CC /* WomanMeetings.storyboard */ = {isa = PBXFileReference; fileEncoding = 4; lastKnownFileType = file.storyboard; name = WomanMeetings.storyboard; path = UI/Woman/WomanMeetings.storyboard; sourceTree = "<group>"; };
		40A7818C1EB367EB003D73CC /* WomanWallet.storyboard */ = {isa = PBXFileReference; fileEncoding = 4; lastKnownFileType = file.storyboard; name = WomanWallet.storyboard; path = UI/Woman/WomanWallet.storyboard; sourceTree = "<group>"; };
		40A7818E1EB368A0003D73CC /* ManProfile.storyboard */ = {isa = PBXFileReference; fileEncoding = 4; lastKnownFileType = file.storyboard; name = ManProfile.storyboard; path = UI/Man/ManProfile.storyboard; sourceTree = "<group>"; };
		40A781901EB368BE003D73CC /* ManMeetings.storyboard */ = {isa = PBXFileReference; fileEncoding = 4; lastKnownFileType = file.storyboard; name = ManMeetings.storyboard; path = UI/Man/ManMeetings.storyboard; sourceTree = "<group>"; };
		40A781921EB368D7003D73CC /* ManWallet.storyboard */ = {isa = PBXFileReference; fileEncoding = 4; lastKnownFileType = file.storyboard; name = ManWallet.storyboard; path = UI/Man/ManWallet.storyboard; sourceTree = "<group>"; };
		40A781941EB36A0A003D73CC /* UIStoryboard.swift */ = {isa = PBXFileReference; fileEncoding = 4; lastKnownFileType = sourcecode.swift; name = UIStoryboard.swift; path = Utils/UIStoryboard.swift; sourceTree = "<group>"; };
		40A781961EB36F5C003D73CC /* User.swift */ = {isa = PBXFileReference; fileEncoding = 4; lastKnownFileType = sourcecode.swift; name = User.swift; path = DataModels/User.swift; sourceTree = "<group>"; };
		40A7819A1EB37542003D73CC /* WomanProfileViewController.swift */ = {isa = PBXFileReference; fileEncoding = 4; lastKnownFileType = sourcecode.swift; name = WomanProfileViewController.swift; path = ViewControllers/Woman/WomanProfileViewController.swift; sourceTree = "<group>"; };
		40A7819C1EB377BC003D73CC /* UIScrollView.swift */ = {isa = PBXFileReference; fileEncoding = 4; lastKnownFileType = sourcecode.swift; name = UIScrollView.swift; path = Utils/UIScrollView.swift; sourceTree = "<group>"; };
		40A781A71EB395B9003D73CC /* WomanFiltersViewController.swift */ = {isa = PBXFileReference; fileEncoding = 4; lastKnownFileType = sourcecode.swift; name = WomanFiltersViewController.swift; path = ViewControllers/Woman/WomanFiltersViewController.swift; sourceTree = "<group>"; };
		40A781A91EB39601003D73CC /* PimpMe-Bridging-Header.h */ = {isa = PBXFileReference; lastKnownFileType = sourcecode.c.h; path = "PimpMe-Bridging-Header.h"; sourceTree = "<group>"; };
		40ADF3ED1EB48FF100B69722 /* WomanHeaderView.xib */ = {isa = PBXFileReference; fileEncoding = 4; lastKnownFileType = file.xib; name = WomanHeaderView.xib; path = UI/Views/WomanHeaderView.xib; sourceTree = "<group>"; };
		40ADF3EF1EB4913B00B69722 /* WomanHeaderView.swift */ = {isa = PBXFileReference; fileEncoding = 4; lastKnownFileType = sourcecode.swift; name = WomanHeaderView.swift; path = UI/Views/WomanHeaderView.swift; sourceTree = "<group>"; };
		40ADF3F21EB4940400B69722 /* WomanMeetingsViewController.swift */ = {isa = PBXFileReference; fileEncoding = 4; lastKnownFileType = sourcecode.swift; name = WomanMeetingsViewController.swift; path = ViewControllers/Woman/WomanMeetingsViewController.swift; sourceTree = "<group>"; };
		40ADF3F41EB4AF3000B69722 /* Meeting.swift */ = {isa = PBXFileReference; fileEncoding = 4; lastKnownFileType = sourcecode.swift; name = Meeting.swift; path = DataModels/Meeting.swift; sourceTree = "<group>"; };
		40ADF3F71EB4B46C00B69722 /* WomanMeetingTableViewCell.swift */ = {isa = PBXFileReference; fileEncoding = 4; lastKnownFileType = sourcecode.swift; name = WomanMeetingTableViewCell.swift; path = UI/Views/Cells/WomanMeetingTableViewCell.swift; sourceTree = "<group>"; };
		40ADF3F91EB4B7BC00B69722 /* Date.swift */ = {isa = PBXFileReference; fileEncoding = 4; lastKnownFileType = sourcecode.swift; name = Date.swift; path = Utils/Date.swift; sourceTree = "<group>"; };
		40B818501EB4DF25005B8073 /* ManProfileViewController.swift */ = {isa = PBXFileReference; fileEncoding = 4; lastKnownFileType = sourcecode.swift; name = ManProfileViewController.swift; path = ViewControllers/Man/ManProfileViewController.swift; sourceTree = "<group>"; };
		40B818521EB4E8F4005B8073 /* Keyboard.swift */ = {isa = PBXFileReference; fileEncoding = 4; lastKnownFileType = sourcecode.swift; name = Keyboard.swift; path = Utils/Keyboard.swift; sourceTree = "<group>"; };
		40B9AEDF1EB8DF8000DEBA54 /* Man.swift */ = {isa = PBXFileReference; fileEncoding = 4; lastKnownFileType = sourcecode.swift; name = Man.swift; path = DataModels/Man.swift; sourceTree = "<group>"; };
		40B9AEE11EB8DFC500DEBA54 /* Photo.swift */ = {isa = PBXFileReference; fileEncoding = 4; lastKnownFileType = sourcecode.swift; name = Photo.swift; path = DataModels/Photo.swift; sourceTree = "<group>"; };
		40B9AEE31EB8E08800DEBA54 /* Woman.swift */ = {isa = PBXFileReference; fileEncoding = 4; lastKnownFileType = sourcecode.swift; name = Woman.swift; path = DataModels/Woman.swift; sourceTree = "<group>"; };
		40E3DA3B1EBB2852009CB6A1 /* ManNewMeeting.storyboard */ = {isa = PBXFileReference; fileEncoding = 4; lastKnownFileType = file.storyboard; name = ManNewMeeting.storyboard; path = UI/Man/ManNewMeeting.storyboard; sourceTree = "<group>"; };
		40E3DA3D1EBB294F009CB6A1 /* ManMeetingsTableViewCell.swift */ = {isa = PBXFileReference; fileEncoding = 4; lastKnownFileType = sourcecode.swift; name = ManMeetingsTableViewCell.swift; path = UI/Views/Cells/ManMeetingsTableViewCell.swift; sourceTree = "<group>"; };
		40E3DA3F1EBB2CCE009CB6A1 /* ManMeetingsViewController.swift */ = {isa = PBXFileReference; fileEncoding = 4; lastKnownFileType = sourcecode.swift; name = ManMeetingsViewController.swift; path = ViewControllers/Man/ManMeetingsViewController.swift; sourceTree = "<group>"; };
		40E3DA411EBB3A25009CB6A1 /* Schedulable.swift */ = {isa = PBXFileReference; fileEncoding = 4; lastKnownFileType = sourcecode.swift; name = Schedulable.swift; path = DataModels/Schedulable.swift; sourceTree = "<group>"; };
		40E3DA431EBB3DEA009CB6A1 /* MeetingsStorage.swift */ = {isa = PBXFileReference; fileEncoding = 4; lastKnownFileType = sourcecode.swift; name = MeetingsStorage.swift; path = DataModels/MeetingsStorage.swift; sourceTree = "<group>"; };
		40E3DA461EBB4E76009CB6A1 /* ManPreviewMeetingViewController.swift */ = {isa = PBXFileReference; fileEncoding = 4; lastKnownFileType = sourcecode.swift; name = ManPreviewMeetingViewController.swift; path = ViewControllers/Man/ManPreviewMeetingViewController.swift; sourceTree = "<group>"; };
		40E3DA481EBB4F3C009CB6A1 /* Range.swift */ = {isa = PBXFileReference; fileEncoding = 4; lastKnownFileType = sourcecode.swift; name = Range.swift; path = Utils/Range.swift; sourceTree = "<group>"; };
		40F21E4C1EB9B20B002316B9 /* ManNewMeetingTableViewController.swift */ = {isa = PBXFileReference; fileEncoding = 4; lastKnownFileType = sourcecode.swift; name = ManNewMeetingTableViewController.swift; path = ViewControllers/Man/ManNewMeetingTableViewController.swift; sourceTree = "<group>"; };
		40F21E4E1EB9C444002316B9 /* UIButton.swift */ = {isa = PBXFileReference; fileEncoding = 4; lastKnownFileType = sourcecode.swift; name = UIButton.swift; path = Utils/UIButton.swift; sourceTree = "<group>"; };
		40F21E521EB9FD83002316B9 /* PlacePicker.swift */ = {isa = PBXFileReference; fileEncoding = 4; lastKnownFileType = sourcecode.swift; name = PlacePicker.swift; path = DataModels/PlacePicker.swift; sourceTree = "<group>"; };
		69C6A563A202B8BA2C1E221D /* Pods_PimpMe.framework */ = {isa = PBXFileReference; explicitFileType = wrapper.framework; includeInIndex = 0; path = Pods_PimpMe.framework; sourceTree = BUILT_PRODUCTS_DIR; };
		EEBD086B786B82049976E22A /* Pods-PimpMe.release.xcconfig */ = {isa = PBXFileReference; includeInIndex = 1; lastKnownFileType = text.xcconfig; name = "Pods-PimpMe.release.xcconfig"; path = "Pods/Target Support Files/Pods-PimpMe/Pods-PimpMe.release.xcconfig"; sourceTree = "<group>"; };
/* End PBXFileReference section */

/* Begin PBXFrameworksBuildPhase section */
		40A7814C1EB329FA003D73CC /* Frameworks */ = {
			isa = PBXFrameworksBuildPhase;
			buildActionMask = 2147483647;
			files = (
				A08B283261A9784F6AAAEE76 /* Pods_PimpMe.framework in Frameworks */,
			);
			runOnlyForDeploymentPostprocessing = 0;
		};
/* End PBXFrameworksBuildPhase section */

/* Begin PBXGroup section */
		40A781461EB329FA003D73CC = {
			isa = PBXGroup;
			children = (
				40A781511EB329FB003D73CC /* PimpMe */,
				40A781501EB329FA003D73CC /* Products */,
				AE1C606FF2939AA98ECF4302 /* Pods */,
				6C49754259B043FF31B6F2B9 /* Frameworks */,
			);
			sourceTree = "<group>";
		};
		40A781501EB329FA003D73CC /* Products */ = {
			isa = PBXGroup;
			children = (
				40A7814F1EB329FA003D73CC /* PimpMe.app */,
			);
			name = Products;
			sourceTree = "<group>";
		};
		40A781511EB329FB003D73CC /* PimpMe */ = {
			isa = PBXGroup;
			children = (
				40A781711EB33DD8003D73CC /* Strings */,
				40A7816C1EB337CD003D73CC /* Utils */,
				40A781671EB32A6F003D73CC /* API */,
				40A781661EB32A6A003D73CC /* DataModels */,
				40A781651EB32A60003D73CC /* UI */,
				40A781641EB32A45003D73CC /* ViewControllers */,
				40A781521EB329FB003D73CC /* AppDelegate.swift */,
				40A781591EB329FB003D73CC /* Assets.xcassets */,
				40A7815B1EB329FB003D73CC /* LaunchScreen.storyboard */,
				40A7815E1EB329FB003D73CC /* Info.plist */,
				40A781A91EB39601003D73CC /* PimpMe-Bridging-Header.h */,
			);
			path = PimpMe;
			sourceTree = "<group>";
		};
		40A781641EB32A45003D73CC /* ViewControllers */ = {
			isa = PBXGroup;
			children = (
				40A781991EB37510003D73CC /* Woman */,
				40A781981EB3750A003D73CC /* Man */,
				40A7816A1EB32D2A003D73CC /* AuthViewController.swift */,
				400ADE691EBA0947006EA363 /* DatePickerPopoverViewController.swift */,
			);
			name = ViewControllers;
			sourceTree = "<group>";
		};
		40A781651EB32A60003D73CC /* UI */ = {
			isa = PBXGroup;
			children = (
				40ADF3EC1EB48FD800B69722 /* Views */,
				40A781801EB36793003D73CC /* Man */,
				40A781811EB36798003D73CC /* Woman */,
				40A781681EB32B5B003D73CC /* Auth.storyboard */,
				400ADE671EBA0902006EA363 /* Popovers.storyboard */,
			);
			name = UI;
			sourceTree = "<group>";
		};
		40A781661EB32A6A003D73CC /* DataModels */ = {
			isa = PBXGroup;
			children = (
				40A781961EB36F5C003D73CC /* User.swift */,
				40ADF3F41EB4AF3000B69722 /* Meeting.swift */,
				402C527A1EB8BFC700EFC9ED /* CityManager.swift */,
				40B9AEDF1EB8DF8000DEBA54 /* Man.swift */,
				40B9AEE11EB8DFC500DEBA54 /* Photo.swift */,
				40B9AEE31EB8E08800DEBA54 /* Woman.swift */,
				40F21E521EB9FD83002316B9 /* PlacePicker.swift */,
				40E3DA411EBB3A25009CB6A1 /* Schedulable.swift */,
				40E3DA431EBB3DEA009CB6A1 /* MeetingsStorage.swift */,
			);
			name = DataModels;
			sourceTree = "<group>";
		};
		40A781671EB32A6F003D73CC /* API */ = {
			isa = PBXGroup;
			children = (
			);
			name = API;
			sourceTree = "<group>";
		};
		40A7816C1EB337CD003D73CC /* Utils */ = {
			isa = PBXGroup;
			children = (
				40A7816D1EB337E5003D73CC /* String.swift */,
				40A7816F1EB33C7C003D73CC /* UIViewController.swift */,
				40A781741EB35644003D73CC /* UIImage.swift */,
				40A781941EB36A0A003D73CC /* UIStoryboard.swift */,
				40A7819C1EB377BC003D73CC /* UIScrollView.swift */,
				40ADF3F91EB4B7BC00B69722 /* Date.swift */,
				40B818521EB4E8F4005B8073 /* Keyboard.swift */,
				40F21E4E1EB9C444002316B9 /* UIButton.swift */,
				400ADE6B1EBA272D006EA363 /* UIText.swift */,
				40E3DA481EBB4F3C009CB6A1 /* Range.swift */,
			);
			name = Utils;
			sourceTree = "<group>";
		};
		40A781711EB33DD8003D73CC /* Strings */ = {
			isa = PBXGroup;
			children = (
				40A781721EB33DEB003D73CC /* Localizable.strings */,
			);
			name = Strings;
			sourceTree = "<group>";
		};
		40A781801EB36793003D73CC /* Man */ = {
			isa = PBXGroup;
			children = (
				40A781821EB367A3003D73CC /* Man.storyboard */,
				40A781921EB368D7003D73CC /* ManWallet.storyboard */,
				40A781901EB368BE003D73CC /* ManMeetings.storyboard */,
				40E3DA3B1EBB2852009CB6A1 /* ManNewMeeting.storyboard */,
				40A7818E1EB368A0003D73CC /* ManProfile.storyboard */,
			);
			name = Man;
			sourceTree = "<group>";
		};
		40A781811EB36798003D73CC /* Woman */ = {
			isa = PBXGroup;
			children = (
				40A781841EB367AD003D73CC /* Woman.storyboard */,
				40A7818C1EB367EB003D73CC /* WomanWallet.storyboard */,
				40A7818A1EB367CB003D73CC /* WomanMeetings.storyboard */,
				40A781851EB367AD003D73CC /* WomanProfile.storyboard */,
				40A781861EB367AD003D73CC /* WomanSearch.storyboard */,
			);
			name = Woman;
			sourceTree = "<group>";
		};
		40A781981EB3750A003D73CC /* Man */ = {
			isa = PBXGroup;
			children = (
				40B818501EB4DF25005B8073 /* ManProfileViewController.swift */,
				40F21E4C1EB9B20B002316B9 /* ManNewMeetingTableViewController.swift */,
				40E3DA3F1EBB2CCE009CB6A1 /* ManMeetingsViewController.swift */,
				40E3DA461EBB4E76009CB6A1 /* ManPreviewMeetingViewController.swift */,
			);
			name = Man;
			sourceTree = "<group>";
		};
		40A781991EB37510003D73CC /* Woman */ = {
			isa = PBXGroup;
			children = (
				40A7819A1EB37542003D73CC /* WomanProfileViewController.swift */,
				40A781A71EB395B9003D73CC /* WomanFiltersViewController.swift */,
				40ADF3F21EB4940400B69722 /* WomanMeetingsViewController.swift */,
				402C52761EB8B00500EFC9ED /* WomanMeetingInfoViewController.swift */,
			);
			name = Woman;
			sourceTree = "<group>";
		};
		40ADF3EC1EB48FD800B69722 /* Views */ = {
			isa = PBXGroup;
			children = (
				40ADF3F61EB4B45200B69722 /* Cells */,
				40ADF3ED1EB48FF100B69722 /* WomanHeaderView.xib */,
				40ADF3EF1EB4913B00B69722 /* WomanHeaderView.swift */,
			);
			name = Views;
			sourceTree = "<group>";
		};
		40ADF3F61EB4B45200B69722 /* Cells */ = {
			isa = PBXGroup;
			children = (
				40ADF3F71EB4B46C00B69722 /* WomanMeetingTableViewCell.swift */,
				40E3DA3D1EBB294F009CB6A1 /* ManMeetingsTableViewCell.swift */,
			);
			name = Cells;
			sourceTree = "<group>";
		};
		6C49754259B043FF31B6F2B9 /* Frameworks */ = {
			isa = PBXGroup;
			children = (
				69C6A563A202B8BA2C1E221D /* Pods_PimpMe.framework */,
			);
			name = Frameworks;
			sourceTree = "<group>";
		};
		AE1C606FF2939AA98ECF4302 /* Pods */ = {
			isa = PBXGroup;
			children = (
				236C6FBA3343683DF88AEBF7 /* Pods-PimpMe.debug.xcconfig */,
				EEBD086B786B82049976E22A /* Pods-PimpMe.release.xcconfig */,
			);
			name = Pods;
			sourceTree = "<group>";
		};
/* End PBXGroup section */

/* Begin PBXNativeTarget section */
		40A7814E1EB329FA003D73CC /* PimpMe */ = {
			isa = PBXNativeTarget;
			buildConfigurationList = 40A781611EB329FB003D73CC /* Build configuration list for PBXNativeTarget "PimpMe" */;
			buildPhases = (
				CB1F69EC72103467478976F2 /* [CP] Check Pods Manifest.lock */,
				40A7814B1EB329FA003D73CC /* Sources */,
				40A7814C1EB329FA003D73CC /* Frameworks */,
				40A7814D1EB329FA003D73CC /* Resources */,
				2D9D53799C6391A96B67A339 /* [CP] Embed Pods Frameworks */,
				F1B3C796E3AD2CD1FE8A88D2 /* [CP] Copy Pods Resources */,
				40E3DA451EBB4080009CB6A1 /* ShellScript */,
			);
			buildRules = (
			);
			dependencies = (
			);
			name = PimpMe;
			productName = PimpMe;
			productReference = 40A7814F1EB329FA003D73CC /* PimpMe.app */;
			productType = "com.apple.product-type.application";
		};
/* End PBXNativeTarget section */

/* Begin PBXProject section */
		40A781471EB329FA003D73CC /* Project object */ = {
			isa = PBXProject;
			attributes = {
				LastSwiftUpdateCheck = 0830;
				LastUpgradeCheck = 0830;
				ORGANIZATIONNAME = ElateSoftware;
				TargetAttributes = {
					40A7814E1EB329FA003D73CC = {
						CreatedOnToolsVersion = 8.3.2;
						DevelopmentTeam = 66W9KV8MC3;
						LastSwiftMigration = 0830;
						ProvisioningStyle = Automatic;
						SystemCapabilities = {
							com.apple.Maps.iOS = {
								enabled = 0;
							};
						};
					};
				};
			};
			buildConfigurationList = 40A7814A1EB329FA003D73CC /* Build configuration list for PBXProject "PimpMe" */;
			compatibilityVersion = "Xcode 3.2";
			developmentRegion = English;
			hasScannedForEncodings = 0;
			knownRegions = (
				en,
				Base,
			);
			mainGroup = 40A781461EB329FA003D73CC;
			productRefGroup = 40A781501EB329FA003D73CC /* Products */;
			projectDirPath = "";
			projectRoot = "";
			targets = (
				40A7814E1EB329FA003D73CC /* PimpMe */,
			);
		};
/* End PBXProject section */

/* Begin PBXResourcesBuildPhase section */
		40A7814D1EB329FA003D73CC /* Resources */ = {
			isa = PBXResourcesBuildPhase;
			buildActionMask = 2147483647;
			files = (
				40A7818F1EB368A0003D73CC /* ManProfile.storyboard in Resources */,
				40A7818D1EB367EB003D73CC /* WomanWallet.storyboard in Resources */,
				40A781831EB367A3003D73CC /* Man.storyboard in Resources */,
				40A781881EB367AD003D73CC /* WomanProfile.storyboard in Resources */,
				40A781931EB368D7003D73CC /* ManWallet.storyboard in Resources */,
				40A781731EB33DEB003D73CC /* Localizable.strings in Resources */,
				40A781691EB32B5B003D73CC /* Auth.storyboard in Resources */,
				40A781871EB367AD003D73CC /* Woman.storyboard in Resources */,
				400ADE681EBA0902006EA363 /* Popovers.storyboard in Resources */,
				40A7818B1EB367CB003D73CC /* WomanMeetings.storyboard in Resources */,
				40A781891EB367AD003D73CC /* WomanSearch.storyboard in Resources */,
				40A7815D1EB329FB003D73CC /* LaunchScreen.storyboard in Resources */,
				40ADF3EE1EB48FF100B69722 /* WomanHeaderView.xib in Resources */,
				40A7815A1EB329FB003D73CC /* Assets.xcassets in Resources */,
				40E3DA3C1EBB2852009CB6A1 /* ManNewMeeting.storyboard in Resources */,
				40A781911EB368BE003D73CC /* ManMeetings.storyboard in Resources */,
			);
			runOnlyForDeploymentPostprocessing = 0;
		};
/* End PBXResourcesBuildPhase section */

/* Begin PBXShellScriptBuildPhase section */
		2D9D53799C6391A96B67A339 /* [CP] Embed Pods Frameworks */ = {
			isa = PBXShellScriptBuildPhase;
			buildActionMask = 2147483647;
			files = (
			);
			inputPaths = (
			);
			name = "[CP] Embed Pods Frameworks";
			outputPaths = (
			);
			runOnlyForDeploymentPostprocessing = 0;
			shellPath = /bin/sh;
			shellScript = "\"${SRCROOT}/Pods/Target Support Files/Pods-PimpMe/Pods-PimpMe-frameworks.sh\"\n";
			showEnvVarsInLog = 0;
		};
		40E3DA451EBB4080009CB6A1 /* ShellScript */ = {
			isa = PBXShellScriptBuildPhase;
			buildActionMask = 2147483647;
			files = (
			);
			inputPaths = (
			);
			outputPaths = (
			);
			runOnlyForDeploymentPostprocessing = 0;
			shellPath = /bin/sh;
			shellScript = "TAGS=\"TODO:|FIXME:\"\nfind \"${SRCROOT}\" \\( -name \"*.h\" -or -name \"*.m\" -or -name \"*.swift\" \\) -print0 | xargs -0 egrep --with-filename --line-number --only-matching \"($TAGS).*\\$\" | perl -p -e \"s/($TAGS)/ warning: \\$1/\"";
		};
		CB1F69EC72103467478976F2 /* [CP] Check Pods Manifest.lock */ = {
			isa = PBXShellScriptBuildPhase;
			buildActionMask = 2147483647;
			files = (
			);
			inputPaths = (
			);
			name = "[CP] Check Pods Manifest.lock";
			outputPaths = (
			);
			runOnlyForDeploymentPostprocessing = 0;
			shellPath = /bin/sh;
			shellScript = "diff \"${PODS_ROOT}/../Podfile.lock\" \"${PODS_ROOT}/Manifest.lock\" > /dev/null\nif [ $? != 0 ] ; then\n    # print error to STDERR\n    echo \"error: The sandbox is not in sync with the Podfile.lock. Run 'pod install' or update your CocoaPods installation.\" >&2\n    exit 1\nfi\n";
			showEnvVarsInLog = 0;
		};
		F1B3C796E3AD2CD1FE8A88D2 /* [CP] Copy Pods Resources */ = {
			isa = PBXShellScriptBuildPhase;
			buildActionMask = 2147483647;
			files = (
			);
			inputPaths = (
			);
			name = "[CP] Copy Pods Resources";
			outputPaths = (
			);
			runOnlyForDeploymentPostprocessing = 0;
			shellPath = /bin/sh;
			shellScript = "\"${SRCROOT}/Pods/Target Support Files/Pods-PimpMe/Pods-PimpMe-resources.sh\"\n";
			showEnvVarsInLog = 0;
		};
/* End PBXShellScriptBuildPhase section */

/* Begin PBXSourcesBuildPhase section */
		40A7814B1EB329FA003D73CC /* Sources */ = {
			isa = PBXSourcesBuildPhase;
			buildActionMask = 2147483647;
			files = (
				40ADF3F81EB4B46C00B69722 /* WomanMeetingTableViewCell.swift in Sources */,
				40E3DA441EBB3DEA009CB6A1 /* MeetingsStorage.swift in Sources */,
				400ADE6A1EBA0947006EA363 /* DatePickerPopoverViewController.swift in Sources */,
				40ADF3FA1EB4B7BC00B69722 /* Date.swift in Sources */,
				40ADF3F01EB4913B00B69722 /* WomanHeaderView.swift in Sources */,
				40A7816E1EB337E5003D73CC /* String.swift in Sources */,
				40B818531EB4E8F4005B8073 /* Keyboard.swift in Sources */,
				40F21E4F1EB9C444002316B9 /* UIButton.swift in Sources */,
				40B818511EB4DF25005B8073 /* ManProfileViewController.swift in Sources */,
				40E3DA421EBB3A25009CB6A1 /* Schedulable.swift in Sources */,
				40ADF3F51EB4AF3000B69722 /* Meeting.swift in Sources */,
				400ADE6C1EBA272E006EA363 /* UIText.swift in Sources */,
				40B9AEE01EB8DF8000DEBA54 /* Man.swift in Sources */,
				40A781751EB35644003D73CC /* UIImage.swift in Sources */,
				40A7819B1EB37542003D73CC /* WomanProfileViewController.swift in Sources */,
				40E3DA471EBB4E76009CB6A1 /* ManPreviewMeetingViewController.swift in Sources */,
				402C52771EB8B00500EFC9ED /* WomanMeetingInfoViewController.swift in Sources */,
				40E3DA3E1EBB294F009CB6A1 /* ManMeetingsTableViewCell.swift in Sources */,
				40A7819D1EB377BC003D73CC /* UIScrollView.swift in Sources */,
				40E3DA491EBB4F3C009CB6A1 /* Range.swift in Sources */,
				40A7816B1EB32D2A003D73CC /* AuthViewController.swift in Sources */,
				402C527B1EB8BFC700EFC9ED /* CityManager.swift in Sources */,
				40A781701EB33C7C003D73CC /* UIViewController.swift in Sources */,
				40ADF3F31EB4940400B69722 /* WomanMeetingsViewController.swift in Sources */,
				40F21E531EB9FD83002316B9 /* PlacePicker.swift in Sources */,
				40F21E4D1EB9B20B002316B9 /* ManNewMeetingTableViewController.swift in Sources */,
				40E3DA401EBB2CCE009CB6A1 /* ManMeetingsViewController.swift in Sources */,
				40A781A81EB395B9003D73CC /* WomanFiltersViewController.swift in Sources */,
				40B9AEE41EB8E08800DEBA54 /* Woman.swift in Sources */,
				40B9AEE21EB8DFC500DEBA54 /* Photo.swift in Sources */,
				40A781531EB329FB003D73CC /* AppDelegate.swift in Sources */,
				40A781951EB36A0A003D73CC /* UIStoryboard.swift in Sources */,
				40A781971EB36F5C003D73CC /* User.swift in Sources */,
			);
			runOnlyForDeploymentPostprocessing = 0;
		};
/* End PBXSourcesBuildPhase section */

/* Begin PBXVariantGroup section */
		40A7815B1EB329FB003D73CC /* LaunchScreen.storyboard */ = {
			isa = PBXVariantGroup;
			children = (
				40A7815C1EB329FB003D73CC /* Base */,
			);
			name = LaunchScreen.storyboard;
			sourceTree = "<group>";
		};
/* End PBXVariantGroup section */

/* Begin XCBuildConfiguration section */
		40A7815F1EB329FB003D73CC /* Debug */ = {
			isa = XCBuildConfiguration;
			buildSettings = {
				ALWAYS_SEARCH_USER_PATHS = NO;
				CLANG_ANALYZER_NONNULL = YES;
				CLANG_ANALYZER_NUMBER_OBJECT_CONVERSION = YES_AGGRESSIVE;
				CLANG_CXX_LANGUAGE_STANDARD = "gnu++0x";
				CLANG_CXX_LIBRARY = "libc++";
				CLANG_ENABLE_MODULES = YES;
				CLANG_ENABLE_OBJC_ARC = YES;
				CLANG_WARN_BOOL_CONVERSION = YES;
				CLANG_WARN_CONSTANT_CONVERSION = YES;
				CLANG_WARN_DIRECT_OBJC_ISA_USAGE = YES_ERROR;
				CLANG_WARN_DOCUMENTATION_COMMENTS = YES;
				CLANG_WARN_EMPTY_BODY = YES;
				CLANG_WARN_ENUM_CONVERSION = YES;
				CLANG_WARN_INFINITE_RECURSION = YES;
				CLANG_WARN_INT_CONVERSION = YES;
				CLANG_WARN_OBJC_ROOT_CLASS = YES_ERROR;
				CLANG_WARN_SUSPICIOUS_MOVE = YES;
				CLANG_WARN_UNREACHABLE_CODE = YES;
				CLANG_WARN__DUPLICATE_METHOD_MATCH = YES;
				"CODE_SIGN_IDENTITY[sdk=iphoneos*]" = "iPhone Developer";
				COPY_PHASE_STRIP = NO;
				DEBUG_INFORMATION_FORMAT = dwarf;
				ENABLE_STRICT_OBJC_MSGSEND = YES;
				ENABLE_TESTABILITY = YES;
				GCC_C_LANGUAGE_STANDARD = gnu99;
				GCC_DYNAMIC_NO_PIC = NO;
				GCC_NO_COMMON_BLOCKS = YES;
				GCC_OPTIMIZATION_LEVEL = 0;
				GCC_PREPROCESSOR_DEFINITIONS = (
					"DEBUG=1",
					"$(inherited)",
				);
				GCC_WARN_64_TO_32_BIT_CONVERSION = YES;
				GCC_WARN_ABOUT_RETURN_TYPE = YES_ERROR;
				GCC_WARN_UNDECLARED_SELECTOR = YES;
				GCC_WARN_UNINITIALIZED_AUTOS = YES_AGGRESSIVE;
				GCC_WARN_UNUSED_FUNCTION = YES;
				GCC_WARN_UNUSED_VARIABLE = YES;
				IPHONEOS_DEPLOYMENT_TARGET = 10.3;
				MTL_ENABLE_DEBUG_INFO = YES;
				ONLY_ACTIVE_ARCH = YES;
				SDKROOT = iphoneos;
				SWIFT_ACTIVE_COMPILATION_CONDITIONS = DEBUG;
				SWIFT_OPTIMIZATION_LEVEL = "-Onone";
				TARGETED_DEVICE_FAMILY = "1,2";
			};
			name = Debug;
		};
		40A781601EB329FB003D73CC /* Release */ = {
			isa = XCBuildConfiguration;
			buildSettings = {
				ALWAYS_SEARCH_USER_PATHS = NO;
				CLANG_ANALYZER_NONNULL = YES;
				CLANG_ANALYZER_NUMBER_OBJECT_CONVERSION = YES_AGGRESSIVE;
				CLANG_CXX_LANGUAGE_STANDARD = "gnu++0x";
				CLANG_CXX_LIBRARY = "libc++";
				CLANG_ENABLE_MODULES = YES;
				CLANG_ENABLE_OBJC_ARC = YES;
				CLANG_WARN_BOOL_CONVERSION = YES;
				CLANG_WARN_CONSTANT_CONVERSION = YES;
				CLANG_WARN_DIRECT_OBJC_ISA_USAGE = YES_ERROR;
				CLANG_WARN_DOCUMENTATION_COMMENTS = YES;
				CLANG_WARN_EMPTY_BODY = YES;
				CLANG_WARN_ENUM_CONVERSION = YES;
				CLANG_WARN_INFINITE_RECURSION = YES;
				CLANG_WARN_INT_CONVERSION = YES;
				CLANG_WARN_OBJC_ROOT_CLASS = YES_ERROR;
				CLANG_WARN_SUSPICIOUS_MOVE = YES;
				CLANG_WARN_UNREACHABLE_CODE = YES;
				CLANG_WARN__DUPLICATE_METHOD_MATCH = YES;
				"CODE_SIGN_IDENTITY[sdk=iphoneos*]" = "iPhone Developer";
				COPY_PHASE_STRIP = NO;
				DEBUG_INFORMATION_FORMAT = "dwarf-with-dsym";
				ENABLE_NS_ASSERTIONS = NO;
				ENABLE_STRICT_OBJC_MSGSEND = YES;
				GCC_C_LANGUAGE_STANDARD = gnu99;
				GCC_NO_COMMON_BLOCKS = YES;
				GCC_WARN_64_TO_32_BIT_CONVERSION = YES;
				GCC_WARN_ABOUT_RETURN_TYPE = YES_ERROR;
				GCC_WARN_UNDECLARED_SELECTOR = YES;
				GCC_WARN_UNINITIALIZED_AUTOS = YES_AGGRESSIVE;
				GCC_WARN_UNUSED_FUNCTION = YES;
				GCC_WARN_UNUSED_VARIABLE = YES;
				IPHONEOS_DEPLOYMENT_TARGET = 10.3;
				MTL_ENABLE_DEBUG_INFO = NO;
				SDKROOT = iphoneos;
				SWIFT_OPTIMIZATION_LEVEL = "-Owholemodule";
				TARGETED_DEVICE_FAMILY = "1,2";
				VALIDATE_PRODUCT = YES;
			};
			name = Release;
		};
		40A781621EB329FB003D73CC /* Debug */ = {
			isa = XCBuildConfiguration;
			baseConfigurationReference = 236C6FBA3343683DF88AEBF7 /* Pods-PimpMe.debug.xcconfig */;
			buildSettings = {
				ASSETCATALOG_COMPILER_APPICON_NAME = AppIcon;
				CLANG_ENABLE_MODULES = YES;
				DEVELOPMENT_TEAM = 66W9KV8MC3;
				INFOPLIST_FILE = PimpMe/Info.plist;
				IPHONEOS_DEPLOYMENT_TARGET = 9.0;
				LD_RUNPATH_SEARCH_PATHS = "$(inherited) @executable_path/Frameworks";
				PRODUCT_BUNDLE_IDENTIFIER = com.elatesoftware.PimpMe;
				PRODUCT_NAME = "$(TARGET_NAME)";
				SWIFT_OBJC_BRIDGING_HEADER = "PimpMe/PimpMe-Bridging-Header.h";
				SWIFT_OPTIMIZATION_LEVEL = "-Onone";
				SWIFT_VERSION = 3.0;
			};
			name = Debug;
		};
		40A781631EB329FB003D73CC /* Release */ = {
			isa = XCBuildConfiguration;
			baseConfigurationReference = EEBD086B786B82049976E22A /* Pods-PimpMe.release.xcconfig */;
			buildSettings = {
				ASSETCATALOG_COMPILER_APPICON_NAME = AppIcon;
				CLANG_ENABLE_MODULES = YES;
				DEVELOPMENT_TEAM = 66W9KV8MC3;
				INFOPLIST_FILE = PimpMe/Info.plist;
				IPHONEOS_DEPLOYMENT_TARGET = 9.0;
				LD_RUNPATH_SEARCH_PATHS = "$(inherited) @executable_path/Frameworks";
				PRODUCT_BUNDLE_IDENTIFIER = com.elatesoftware.PimpMe;
				PRODUCT_NAME = "$(TARGET_NAME)";
				SWIFT_OBJC_BRIDGING_HEADER = "PimpMe/PimpMe-Bridging-Header.h";
				SWIFT_VERSION = 3.0;
			};
			name = Release;
		};
/* End XCBuildConfiguration section */

/* Begin XCConfigurationList section */
		40A7814A1EB329FA003D73CC /* Build configuration list for PBXProject "PimpMe" */ = {
			isa = XCConfigurationList;
			buildConfigurations = (
				40A7815F1EB329FB003D73CC /* Debug */,
				40A781601EB329FB003D73CC /* Release */,
			);
			defaultConfigurationIsVisible = 0;
			defaultConfigurationName = Release;
		};
		40A781611EB329FB003D73CC /* Build configuration list for PBXNativeTarget "PimpMe" */ = {
			isa = XCConfigurationList;
			buildConfigurations = (
				40A781621EB329FB003D73CC /* Debug */,
				40A781631EB329FB003D73CC /* Release */,
			);
			defaultConfigurationIsVisible = 0;
			defaultConfigurationName = Release;
		};
/* End XCConfigurationList section */
	};
	rootObject = 40A781471EB329FA003D73CC /* Project object */;
}
